// !$*UTF8*$!
{
	archiveVersion = 1;
	classes = {
	};
	objectVersion = 48;
	objects = {

/* Begin PBXBuildFile section */
		3D681DCA202CA1B00044EDE2 /* lcomptree.c in Sources */ = {isa = PBXBuildFile; fileRef = 3D681DC2202CA1B00044EDE2 /* lcomptree.c */; };
		3D681DCB202CA1B00044EDE2 /* llca.c in Sources */ = {isa = PBXBuildFile; fileRef = 3D681DC3202CA1B00044EDE2 /* llca.c */; };
		3D681DCC202CA1B00044EDE2 /* mcimage.c in Sources */ = {isa = PBXBuildFile; fileRef = 3D681DC4202CA1B00044EDE2 /* mcimage.c */; };
		3D681DCD202CA1B00044EDE2 /* lhierarchie.c in Sources */ = {isa = PBXBuildFile; fileRef = 3D681DC5202CA1B00044EDE2 /* lhierarchie.c */; };
		3D681DD0202CA1B00044EDE2 /* mcsort.c in Sources */ = {isa = PBXBuildFile; fileRef = 3D681DC8202CA1B00044EDE2 /* mcsort.c */; };
		3D681DD1202CA1B00044EDE2 /* mcweightgraph.c in Sources */ = {isa = PBXBuildFile; fileRef = 3D681DC9202CA1B00044EDE2 /* mcweightgraph.c */; };
		3D681DDD202CA2640044EDE2 /* ppm2graph.c in Sources */ = {isa = PBXBuildFile; fileRef = 3D681DDC202CA2640044EDE2 /* ppm2graph.c */; };
		3D681DDE202CA35B0044EDE2 /* mcunionfind.c in Sources */ = {isa = PBXBuildFile; fileRef = 3D681DC7202CA1B00044EDE2 /* mcunionfind.c */; };
/* End PBXBuildFile section */

/* Begin PBXCopyFilesBuildPhase section */
		3D681DB2202CA0E40044EDE2 /* CopyFiles */ = {
			isa = PBXCopyFilesBuildPhase;
			buildActionMask = 2147483647;
			dstPath = /usr/share/man/man1/;
			dstSubfolderSpec = 0;
			files = (
			);
			runOnlyForDeploymentPostprocessing = 1;
		};
/* End PBXCopyFilesBuildPhase section */

/* Begin PBXFileReference section */
		3D681DB4202CA0E40044EDE2 /* image2graph */ = {isa = PBXFileReference; explicitFileType = "compiled.mach-o.executable"; includeInIndex = 0; path = image2graph; sourceTree = BUILT_PRODUCTS_DIR; };
		3D681DC2202CA1B00044EDE2 /* lcomptree.c */ = {isa = PBXFileReference; fileEncoding = 4; lastKnownFileType = sourcecode.c.c; path = lcomptree.c; sourceTree = "<group>"; };
		3D681DC3202CA1B00044EDE2 /* llca.c */ = {isa = PBXFileReference; fileEncoding = 4; lastKnownFileType = sourcecode.c.c; path = llca.c; sourceTree = "<group>"; };
		3D681DC4202CA1B00044EDE2 /* mcimage.c */ = {isa = PBXFileReference; fileEncoding = 4; lastKnownFileType = sourcecode.c.c; path = mcimage.c; sourceTree = "<group>"; };
		3D681DC5202CA1B00044EDE2 /* lhierarchie.c */ = {isa = PBXFileReference; fileEncoding = 4; lastKnownFileType = sourcecode.c.c; path = lhierarchie.c; sourceTree = "<group>"; };
		3D681DC7202CA1B00044EDE2 /* mcunionfind.c */ = {isa = PBXFileReference; fileEncoding = 4; lastKnownFileType = sourcecode.c.c; path = mcunionfind.c; sourceTree = "<group>"; };
		3D681DC8202CA1B00044EDE2 /* mcsort.c */ = {isa = PBXFileReference; fileEncoding = 4; lastKnownFileType = sourcecode.c.c; path = mcsort.c; sourceTree = "<group>"; };
		3D681DC9202CA1B00044EDE2 /* mcweightgraph.c */ = {isa = PBXFileReference; fileEncoding = 4; lastKnownFileType = sourcecode.c.c; path = mcweightgraph.c; sourceTree = "<group>"; };
		3D681DD2202CA1D50044EDE2 /* mcutil.h */ = {isa = PBXFileReference; fileEncoding = 4; lastKnownFileType = sourcecode.c.h; path = mcutil.h; sourceTree = "<group>"; };
		3D681DD3202CA1D50044EDE2 /* mcimage.h */ = {isa = PBXFileReference; fileEncoding = 4; lastKnownFileType = sourcecode.c.h; path = mcimage.h; sourceTree = "<group>"; };
		3D681DD5202CA1D50044EDE2 /* mccodimage.h */ = {isa = PBXFileReference; fileEncoding = 4; lastKnownFileType = sourcecode.c.h; path = mccodimage.h; sourceTree = "<group>"; };
		3D681DD6202CA1D50044EDE2 /* llca.h */ = {isa = PBXFileReference; fileEncoding = 4; lastKnownFileType = sourcecode.c.h; path = llca.h; sourceTree = "<group>"; };
		3D681DD7202CA1D50044EDE2 /* lcomptree.h */ = {isa = PBXFileReference; fileEncoding = 4; lastKnownFileType = sourcecode.c.h; path = lcomptree.h; sourceTree = "<group>"; };
		3D681DD8202CA1D50044EDE2 /* lhierarchie.h */ = {isa = PBXFileReference; fileEncoding = 4; lastKnownFileType = sourcecode.c.h; path = lhierarchie.h; sourceTree = "<group>"; };
		3D681DD9202CA1D50044EDE2 /* mcsort.h */ = {isa = PBXFileReference; fileEncoding = 4; lastKnownFileType = sourcecode.c.h; path = mcsort.h; sourceTree = "<group>"; };
		3D681DDA202CA1D50044EDE2 /* mcweightgraph.h */ = {isa = PBXFileReference; fileEncoding = 4; lastKnownFileType = sourcecode.c.h; path = mcweightgraph.h; sourceTree = "<group>"; };
		3D681DDB202CA1D50044EDE2 /* mcunionfind.h */ = {isa = PBXFileReference; fileEncoding = 4; lastKnownFileType = sourcecode.c.h; path = mcunionfind.h; sourceTree = "<group>"; };
		3D681DDC202CA2640044EDE2 /* ppm2graph.c */ = {isa = PBXFileReference; lastKnownFileType = sourcecode.c.c; path = ppm2graph.c; sourceTree = "<group>"; };
/* End PBXFileReference section */

/* Begin PBXFrameworksBuildPhase section */
		3D681DB1202CA0E40044EDE2 /* Frameworks */ = {
			isa = PBXFrameworksBuildPhase;
			buildActionMask = 2147483647;
			files = (
			);
			runOnlyForDeploymentPostprocessing = 0;
		};
/* End PBXFrameworksBuildPhase section */

/* Begin PBXGroup section */
		3D681DAB202CA0E40044EDE2 = {
			isa = PBXGroup;
			children = (
				3D681DBF202CA1410044EDE2 /* include */,
				3D681DBE202CA12C0044EDE2 /* src */,
				3D681DB5202CA0E40044EDE2 /* Products */,
			);
			sourceTree = "<group>";
		};
		3D681DB5202CA0E40044EDE2 /* Products */ = {
			isa = PBXGroup;
			children = (
				3D681DB4202CA0E40044EDE2 /* image2graph */,
			);
			name = Products;
			sourceTree = "<group>";
		};
		3D681DBE202CA12C0044EDE2 /* src */ = {
			isa = PBXGroup;
			children = (
				3D681DC1202CA15D0044EDE2 /* lib */,
				3D681DC0202CA1570044EDE2 /* com */,
			);
			path = src;
			sourceTree = "<group>";
		};
		3D681DBF202CA1410044EDE2 /* include */ = {
			isa = PBXGroup;
			children = (
				3D681DD7202CA1D50044EDE2 /* lcomptree.h */,
				3D681DD8202CA1D50044EDE2 /* lhierarchie.h */,
				3D681DD6202CA1D50044EDE2 /* llca.h */,
				3D681DD5202CA1D50044EDE2 /* mccodimage.h */,
				3D681DD3202CA1D50044EDE2 /* mcimage.h */,
				3D681DD9202CA1D50044EDE2 /* mcsort.h */,
				3D681DDB202CA1D50044EDE2 /* mcunionfind.h */,
				3D681DD2202CA1D50044EDE2 /* mcutil.h */,
				3D681DDA202CA1D50044EDE2 /* mcweightgraph.h */,
			);
			path = include;
			sourceTree = "<group>";
		};
		3D681DC0202CA1570044EDE2 /* com */ = {
			isa = PBXGroup;
			children = (
				3D681DDC202CA2640044EDE2 /* ppm2graph.c */,
			);
			path = com;
			sourceTree = "<group>";
		};
		3D681DC1202CA15D0044EDE2 /* lib */ = {
			isa = PBXGroup;
			children = (
				3D681DC2202CA1B00044EDE2 /* lcomptree.c */,
				3D681DC5202CA1B00044EDE2 /* lhierarchie.c */,
				3D681DC3202CA1B00044EDE2 /* llca.c */,
				3D681DC4202CA1B00044EDE2 /* mcimage.c */,
				3D681DC8202CA1B00044EDE2 /* mcsort.c */,
				3D681DC7202CA1B00044EDE2 /* mcunionfind.c */,
				3D681DC9202CA1B00044EDE2 /* mcweightgraph.c */,
			);
			path = lib;
			sourceTree = "<group>";
		};
/* End PBXGroup section */

/* Begin PBXNativeTarget section */
		3D681DB3202CA0E40044EDE2 /* image2graph */ = {
			isa = PBXNativeTarget;
			buildConfigurationList = 3D681DBB202CA0E40044EDE2 /* Build configuration list for PBXNativeTarget "image2graph" */;
			buildPhases = (
				3D681DB0202CA0E40044EDE2 /* Sources */,
				3D681DB1202CA0E40044EDE2 /* Frameworks */,
				3D681DB2202CA0E40044EDE2 /* CopyFiles */,
			);
			buildRules = (
			);
			dependencies = (
			);
			name = image2graph;
			productName = image2graph;
			productReference = 3D681DB4202CA0E40044EDE2 /* image2graph */;
			productType = "com.apple.product-type.tool";
		};
/* End PBXNativeTarget section */

/* Begin PBXProject section */
		3D681DAC202CA0E40044EDE2 /* Project object */ = {
			isa = PBXProject;
			attributes = {
				LastUpgradeCheck = 0920;
				ORGANIZATIONNAME = "Edward Cayllahua";
				TargetAttributes = {
					3D681DB3202CA0E40044EDE2 = {
						CreatedOnToolsVersion = 9.2;
						ProvisioningStyle = Automatic;
					};
				};
			};
			buildConfigurationList = 3D681DAF202CA0E40044EDE2 /* Build configuration list for PBXProject "image2graph" */;
			compatibilityVersion = "Xcode 8.0";
			developmentRegion = en;
			hasScannedForEncodings = 0;
			knownRegions = (
				en,
			);
			mainGroup = 3D681DAB202CA0E40044EDE2;
			productRefGroup = 3D681DB5202CA0E40044EDE2 /* Products */;
			projectDirPath = "";
			projectRoot = "";
			targets = (
				3D681DB3202CA0E40044EDE2 /* image2graph */,
			);
		};
/* End PBXProject section */

/* Begin PBXSourcesBuildPhase section */
		3D681DB0202CA0E40044EDE2 /* Sources */ = {
			isa = PBXSourcesBuildPhase;
			buildActionMask = 2147483647;
			files = (
				3D681DDE202CA35B0044EDE2 /* mcunionfind.c in Sources */,
				3D681DCB202CA1B00044EDE2 /* llca.c in Sources */,
				3D681DD0202CA1B00044EDE2 /* mcsort.c in Sources */,
				3D681DCC202CA1B00044EDE2 /* mcimage.c in Sources */,
				3D681DD1202CA1B00044EDE2 /* mcweightgraph.c in Sources */,
				3D681DCA202CA1B00044EDE2 /* lcomptree.c in Sources */,
				3D681DCD202CA1B00044EDE2 /* lhierarchie.c in Sources */,
				3D681DDD202CA2640044EDE2 /* ppm2graph.c in Sources */,
			);
			runOnlyForDeploymentPostprocessing = 0;
		};
/* End PBXSourcesBuildPhase section */

/* Begin XCBuildConfiguration section */
		3D681DB9202CA0E40044EDE2 /* Debug */ = {
			isa = XCBuildConfiguration;
			buildSettings = {
				ALWAYS_SEARCH_USER_PATHS = NO;
				CLANG_ANALYZER_NONNULL = YES;
				CLANG_ANALYZER_NUMBER_OBJECT_CONVERSION = YES_AGGRESSIVE;
				CLANG_CXX_LANGUAGE_STANDARD = "gnu++14";
				CLANG_CXX_LIBRARY = "libc++";
				CLANG_ENABLE_MODULES = YES;
				CLANG_ENABLE_OBJC_ARC = YES;
				CLANG_WARN_BLOCK_CAPTURE_AUTORELEASING = YES;
				CLANG_WARN_BOOL_CONVERSION = YES;
				CLANG_WARN_COMMA = YES;
				CLANG_WARN_CONSTANT_CONVERSION = YES;
				CLANG_WARN_DIRECT_OBJC_ISA_USAGE = YES_ERROR;
				CLANG_WARN_DOCUMENTATION_COMMENTS = YES;
				CLANG_WARN_EMPTY_BODY = YES;
				CLANG_WARN_ENUM_CONVERSION = YES;
				CLANG_WARN_INFINITE_RECURSION = YES;
				CLANG_WARN_INT_CONVERSION = YES;
				CLANG_WARN_NON_LITERAL_NULL_CONVERSION = YES;
				CLANG_WARN_OBJC_LITERAL_CONVERSION = YES;
				CLANG_WARN_OBJC_ROOT_CLASS = YES_ERROR;
				CLANG_WARN_RANGE_LOOP_ANALYSIS = YES;
				CLANG_WARN_STRICT_PROTOTYPES = YES;
				CLANG_WARN_SUSPICIOUS_MOVE = YES;
				CLANG_WARN_UNGUARDED_AVAILABILITY = YES_AGGRESSIVE;
				CLANG_WARN_UNREACHABLE_CODE = YES;
				CLANG_WARN__DUPLICATE_METHOD_MATCH = YES;
				CODE_SIGN_IDENTITY = "-";
				COPY_PHASE_STRIP = NO;
				DEBUG_INFORMATION_FORMAT = dwarf;
				ENABLE_STRICT_OBJC_MSGSEND = YES;
				ENABLE_TESTABILITY = YES;
				GCC_C_LANGUAGE_STANDARD = gnu11;
				GCC_DYNAMIC_NO_PIC = NO;
				GCC_NO_COMMON_BLOCKS = YES;
				GCC_OPTIMIZATION_LEVEL = 0;
				GCC_PREPROCESSOR_DEFINITIONS = (
					"DEBUG=1",
					"$(inherited)",
				);
				GCC_WARN_64_TO_32_BIT_CONVERSION = YES;
				GCC_WARN_ABOUT_RETURN_TYPE = YES_ERROR;
				GCC_WARN_UNDECLARED_SELECTOR = YES;
				GCC_WARN_UNINITIALIZED_AUTOS = YES_AGGRESSIVE;
				GCC_WARN_UNUSED_FUNCTION = YES;
				GCC_WARN_UNUSED_VARIABLE = YES;
				HEADER_SEARCH_PATHS = (
					"-I",
					./include,
				);
				MACOSX_DEPLOYMENT_TARGET = 10.13;
				MTL_ENABLE_DEBUG_INFO = YES;
				ONLY_ACTIVE_ARCH = YES;
				SDKROOT = macosx;
			};
			name = Debug;
		};
		3D681DBA202CA0E40044EDE2 /* Release */ = {
			isa = XCBuildConfiguration;
			buildSettings = {
				ALWAYS_SEARCH_USER_PATHS = NO;
				CLANG_ANALYZER_NONNULL = YES;
				CLANG_ANALYZER_NUMBER_OBJECT_CONVERSION = YES_AGGRESSIVE;
				CLANG_CXX_LANGUAGE_STANDARD = "gnu++14";
				CLANG_CXX_LIBRARY = "libc++";
				CLANG_ENABLE_MODULES = YES;
				CLANG_ENABLE_OBJC_ARC = YES;
				CLANG_WARN_BLOCK_CAPTURE_AUTORELEASING = YES;
				CLANG_WARN_BOOL_CONVERSION = YES;
				CLANG_WARN_COMMA = YES;
				CLANG_WARN_CONSTANT_CONVERSION = YES;
				CLANG_WARN_DIRECT_OBJC_ISA_USAGE = YES_ERROR;
				CLANG_WARN_DOCUMENTATION_COMMENTS = YES;
				CLANG_WARN_EMPTY_BODY = YES;
				CLANG_WARN_ENUM_CONVERSION = YES;
				CLANG_WARN_INFINITE_RECURSION = YES;
				CLANG_WARN_INT_CONVERSION = YES;
				CLANG_WARN_NON_LITERAL_NULL_CONVERSION = YES;
				CLANG_WARN_OBJC_LITERAL_CONVERSION = YES;
				CLANG_WARN_OBJC_ROOT_CLASS = YES_ERROR;
				CLANG_WARN_RANGE_LOOP_ANALYSIS = YES;
				CLANG_WARN_STRICT_PROTOTYPES = YES;
				CLANG_WARN_SUSPICIOUS_MOVE = YES;
				CLANG_WARN_UNGUARDED_AVAILABILITY = YES_AGGRESSIVE;
				CLANG_WARN_UNREACHABLE_CODE = YES;
				CLANG_WARN__DUPLICATE_METHOD_MATCH = YES;
				CODE_SIGN_IDENTITY = "-";
				COPY_PHASE_STRIP = NO;
				DEBUG_INFORMATION_FORMAT = "dwarf-with-dsym";
				ENABLE_NS_ASSERTIONS = NO;
				ENABLE_STRICT_OBJC_MSGSEND = YES;
				GCC_C_LANGUAGE_STANDARD = gnu11;
				GCC_NO_COMMON_BLOCKS = YES;
				GCC_WARN_64_TO_32_BIT_CONVERSION = YES;
				GCC_WARN_ABOUT_RETURN_TYPE = YES_ERROR;
				GCC_WARN_UNDECLARED_SELECTOR = YES;
				GCC_WARN_UNINITIALIZED_AUTOS = YES_AGGRESSIVE;
				GCC_WARN_UNUSED_FUNCTION = YES;
				GCC_WARN_UNUSED_VARIABLE = YES;
				HEADER_SEARCH_PATHS = (
					"-I",
					./include,
				);
				MACOSX_DEPLOYMENT_TARGET = 10.13;
				MTL_ENABLE_DEBUG_INFO = NO;
				SDKROOT = macosx;
			};
			name = Release;
		};
		3D681DBC202CA0E40044EDE2 /* Debug */ = {
			isa = XCBuildConfiguration;
			buildSettings = {
				CODE_SIGN_STYLE = Automatic;
				PRODUCT_NAME = "$(TARGET_NAME)";
			};
			name = Debug;
		};
		3D681DBD202CA0E40044EDE2 /* Release */ = {
			isa = XCBuildConfiguration;
			buildSettings = {
				CODE_SIGN_STYLE = Automatic;
				PRODUCT_NAME = "$(TARGET_NAME)";
			};
			name = Release;
		};
/* End XCBuildConfiguration section */

/* Begin XCConfigurationList section */
		3D681DAF202CA0E40044EDE2 /* Build configuration list for PBXProject "image2graph" */ = {
			isa = XCConfigurationList;
			buildConfigurations = (
				3D681DB9202CA0E40044EDE2 /* Debug */,
				3D681DBA202CA0E40044EDE2 /* Release */,
			);
			defaultConfigurationIsVisible = 0;
			defaultConfigurationName = Release;
		};
		3D681DBB202CA0E40044EDE2 /* Build configuration list for PBXNativeTarget "image2graph" */ = {
			isa = XCConfigurationList;
			buildConfigurations = (
				3D681DBC202CA0E40044EDE2 /* Debug */,
				3D681DBD202CA0E40044EDE2 /* Release */,
			);
			defaultConfigurationIsVisible = 0;
			defaultConfigurationName = Release;
		};
/* End XCConfigurationList section */
	};
	rootObject = 3D681DAC202CA0E40044EDE2 /* Project object */;
}
